
Microsoft Visual Studio Solution File, Format Version 12.00
# Visual Studio 15
VisualStudioVersion = 15.0.26124.0
MinimumVisualStudioVersion = 15.0.26124.0
Project("{FAE04EC0-301F-11D3-BF4B-00C04F79EFBC}") = "SharpChecker", "src\SharpChecker.csproj", "{4D63436E-67AD-4FE7-A4C4-FB02F4F4AEEC}"
EndProject
Project("{2150E333-8FDC-42A3-9474-1A3956D46DE8}") = "test", "test", "{870F84E6-385E-44AD-B5C3-9701111D1139}"
EndProject
Project("{FAE04EC0-301F-11D3-BF4B-00C04F79EFBC}") = "Dummy.Library1", "test\Dummy.Library1\Dummy.Library1.csproj", "{7E478A49-2043-475D-B491-342B0ACE13C6}"
EndProject
Project("{FAE04EC0-301F-11D3-BF4B-00C04F79EFBC}") = "Dummy.Library2", "test\Dummy.Library2\Dummy.Library2.csproj", "{FF9C5F87-63DC-4677-ADCB-D5E616095F3D}"
EndProject
Project("{FAE04EC0-301F-11D3-BF4B-00C04F79EFBC}") = "Dummy.Library3", "test\Dummy.Library3\Dummy.Library3.csproj", "{1B941AF5-779A-472A-AF85-AA15451B1062}"
EndProject
Project("{FAE04EC0-301F-11D3-BF4B-00C04F79EFBC}") = "SharpChecker.Test", "test\SharpChecker.Test\SharpChecker.Test.csproj", "{DB2F2F29-B2C2-47B2-BCB6-07C36855CF43}"
EndProject
Global
	GlobalSection(SolutionConfigurationPlatforms) = preSolution
		Debug|Any CPU = Debug|Any CPU
		Debug|x64 = Debug|x64
		Debug|x86 = Debug|x86
		Release|Any CPU = Release|Any CPU
		Release|x64 = Release|x64
		Release|x86 = Release|x86
	EndGlobalSection
	GlobalSection(SolutionProperties) = preSolution
		HideSolutionNode = FALSE
	EndGlobalSection
	GlobalSection(ProjectConfigurationPlatforms) = postSolution
		{4D63436E-67AD-4FE7-A4C4-FB02F4F4AEEC}.Debug|Any CPU.ActiveCfg = Debug|Any CPU
		{4D63436E-67AD-4FE7-A4C4-FB02F4F4AEEC}.Debug|Any CPU.Build.0 = Debug|Any CPU
		{4D63436E-67AD-4FE7-A4C4-FB02F4F4AEEC}.Debug|x64.ActiveCfg = Debug|Any CPU
		{4D63436E-67AD-4FE7-A4C4-FB02F4F4AEEC}.Debug|x64.Build.0 = Debug|Any CPU
		{4D63436E-67AD-4FE7-A4C4-FB02F4F4AEEC}.Debug|x86.ActiveCfg = Debug|Any CPU
		{4D63436E-67AD-4FE7-A4C4-FB02F4F4AEEC}.Debug|x86.Build.0 = Debug|Any CPU
		{4D63436E-67AD-4FE7-A4C4-FB02F4F4AEEC}.Release|Any CPU.ActiveCfg = Release|Any CPU
		{4D63436E-67AD-4FE7-A4C4-FB02F4F4AEEC}.Release|Any CPU.Build.0 = Release|Any CPU
		{4D63436E-67AD-4FE7-A4C4-FB02F4F4AEEC}.Release|x64.ActiveCfg = Release|Any CPU
		{4D63436E-67AD-4FE7-A4C4-FB02F4F4AEEC}.Release|x64.Build.0 = Release|Any CPU
		{4D63436E-67AD-4FE7-A4C4-FB02F4F4AEEC}.Release|x86.ActiveCfg = Release|Any CPU
		{4D63436E-67AD-4FE7-A4C4-FB02F4F4AEEC}.Release|x86.Build.0 = Release|Any CPU
		{7E478A49-2043-475D-B491-342B0ACE13C6}.Debug|Any CPU.ActiveCfg = Debug|Any CPU
		{7E478A49-2043-475D-B491-342B0ACE13C6}.Debug|Any CPU.Build.0 = Debug|Any CPU
		{7E478A49-2043-475D-B491-342B0ACE13C6}.Debug|x64.ActiveCfg = Debug|Any CPU
		{7E478A49-2043-475D-B491-342B0ACE13C6}.Debug|x64.Build.0 = Debug|Any CPU
		{7E478A49-2043-475D-B491-342B0ACE13C6}.Debug|x86.ActiveCfg = Debug|Any CPU
		{7E478A49-2043-475D-B491-342B0ACE13C6}.Debug|x86.Build.0 = Debug|Any CPU
		{7E478A49-2043-475D-B491-342B0ACE13C6}.Release|Any CPU.ActiveCfg = Release|Any CPU
		{7E478A49-2043-475D-B491-342B0ACE13C6}.Release|Any CPU.Build.0 = Release|Any CPU
		{7E478A49-2043-475D-B491-342B0ACE13C6}.Release|x64.ActiveCfg = Release|Any CPU
		{7E478A49-2043-475D-B491-342B0ACE13C6}.Release|x64.Build.0 = Release|Any CPU
		{7E478A49-2043-475D-B491-342B0ACE13C6}.Release|x86.ActiveCfg = Release|Any CPU
		{7E478A49-2043-475D-B491-342B0ACE13C6}.Release|x86.Build.0 = Release|Any CPU
		{FF9C5F87-63DC-4677-ADCB-D5E616095F3D}.Debug|Any CPU.ActiveCfg = Debug|Any CPU
		{FF9C5F87-63DC-4677-ADCB-D5E616095F3D}.Debug|Any CPU.Build.0 = Debug|Any CPU
		{FF9C5F87-63DC-4677-ADCB-D5E616095F3D}.Debug|x64.ActiveCfg = Debug|Any CPU
		{FF9C5F87-63DC-4677-ADCB-D5E616095F3D}.Debug|x64.Build.0 = Debug|Any CPU
		{FF9C5F87-63DC-4677-ADCB-D5E616095F3D}.Debug|x86.ActiveCfg = Debug|Any CPU
		{FF9C5F87-63DC-4677-ADCB-D5E616095F3D}.Debug|x86.Build.0 = Debug|Any CPU
		{FF9C5F87-63DC-4677-ADCB-D5E616095F3D}.Release|Any CPU.ActiveCfg = Release|Any CPU
		{FF9C5F87-63DC-4677-ADCB-D5E616095F3D}.Release|Any CPU.Build.0 = Release|Any CPU
		{FF9C5F87-63DC-4677-ADCB-D5E616095F3D}.Release|x64.ActiveCfg = Release|Any CPU
		{FF9C5F87-63DC-4677-ADCB-D5E616095F3D}.Release|x64.Build.0 = Release|Any CPU
		{FF9C5F87-63DC-4677-ADCB-D5E616095F3D}.Release|x86.ActiveCfg = Release|Any CPU
		{FF9C5F87-63DC-4677-ADCB-D5E616095F3D}.Release|x86.Build.0 = Release|Any CPU
		{1B941AF5-779A-472A-AF85-AA15451B1062}.Debug|Any CPU.ActiveCfg = Debug|Any CPU
		{1B941AF5-779A-472A-AF85-AA15451B1062}.Debug|Any CPU.Build.0 = Debug|Any CPU
		{1B941AF5-779A-472A-AF85-AA15451B1062}.Debug|x64.ActiveCfg = Debug|Any CPU
		{1B941AF5-779A-472A-AF85-AA15451B1062}.Debug|x64.Build.0 = Debug|Any CPU
		{1B941AF5-779A-472A-AF85-AA15451B1062}.Debug|x86.ActiveCfg = Debug|Any CPU
		{1B941AF5-779A-472A-AF85-AA15451B1062}.Debug|x86.Build.0 = Debug|Any CPU
		{1B941AF5-779A-472A-AF85-AA15451B1062}.Release|Any CPU.ActiveCfg = Release|Any CPU
		{1B941AF5-779A-472A-AF85-AA15451B1062}.Release|Any CPU.Build.0 = Release|Any CPU
		{1B941AF5-779A-472A-AF85-AA15451B1062}.Release|x64.ActiveCfg = Release|Any CPU
		{1B941AF5-779A-472A-AF85-AA15451B1062}.Release|x64.Build.0 = Release|Any CPU
		{1B941AF5-779A-472A-AF85-AA15451B1062}.Release|x86.ActiveCfg = Release|Any CPU
		{1B941AF5-779A-472A-AF85-AA15451B1062}.Release|x86.Build.0 = Release|Any CPU
		{DB2F2F29-B2C2-47B2-BCB6-07C36855CF43}.Debug|Any CPU.ActiveCfg = Debug|Any CPU
		{DB2F2F29-B2C2-47B2-BCB6-07C36855CF43}.Debug|Any CPU.Build.0 = Debug|Any CPU
		{DB2F2F29-B2C2-47B2-BCB6-07C36855CF43}.Debug|x64.ActiveCfg = Debug|Any CPU
		{DB2F2F29-B2C2-47B2-BCB6-07C36855CF43}.Debug|x64.Build.0 = Debug|Any CPU
		{DB2F2F29-B2C2-47B2-BCB6-07C36855CF43}.Debug|x86.ActiveCfg = Debug|Any CPU
		{DB2F2F29-B2C2-47B2-BCB6-07C36855CF43}.Debug|x86.Build.0 = Debug|Any CPU
		{DB2F2F29-B2C2-47B2-BCB6-07C36855CF43}.Release|Any CPU.ActiveCfg = Release|Any CPU
		{DB2F2F29-B2C2-47B2-BCB6-07C36855CF43}.Release|Any CPU.Build.0 = Release|Any CPU
		{DB2F2F29-B2C2-47B2-BCB6-07C36855CF43}.Release|x64.ActiveCfg = Release|Any CPU
		{DB2F2F29-B2C2-47B2-BCB6-07C36855CF43}.Release|x64.Build.0 = Release|Any CPU
		{DB2F2F29-B2C2-47B2-BCB6-07C36855CF43}.Release|x86.ActiveCfg = Release|Any CPU
		{DB2F2F29-B2C2-47B2-BCB6-07C36855CF43}.Release|x86.Build.0 = Release|Any CPU
	EndGlobalSection
	GlobalSection(NestedProjects) = preSolution
		{7E478A49-2043-475D-B491-342B0ACE13C6} = {870F84E6-385E-44AD-B5C3-9701111D1139}
		{FF9C5F87-63DC-4677-ADCB-D5E616095F3D} = {870F84E6-385E-44AD-B5C3-9701111D1139}
		{1B941AF5-779A-472A-AF85-AA15451B1062} = {870F84E6-385E-44AD-B5C3-9701111D1139}
		{DB2F2F29-B2C2-47B2-BCB6-07C36855CF43} = {870F84E6-385E-44AD-B5C3-9701111D1139}
	EndGlobalSection
EndGlobal
