
Microsoft Visual Studio Solution File, Format Version 12.00
# Visual Studio 15
VisualStudioVersion = 15.0.26124.0
MinimumVisualStudioVersion = 15.0.26124.0
Project("{FAE04EC0-301F-11D3-BF4B-00C04F79EFBC}") = "SharpChecker", "src\SharpChecker.csproj", "{4D63436E-67AD-4FE7-A4C4-FB02F4F4AEEC}"
EndProject
Project("{FAE04EC0-301F-11D3-BF4B-00C04F79EFBC}") = "SharpChecker.Test", "test\SharpChecker.Test.csproj", "{A098ECCB-5417-4949-AE56-3287AEECB7A4}"
EndProject
Global
	GlobalSection(SolutionConfigurationPlatforms) = preSolution
		Debug|Any CPU = Debug|Any CPU
		Debug|x64 = Debug|x64
		Debug|x86 = Debug|x86
		Release|Any CPU = Release|Any CPU
		Release|x64 = Release|x64
		Release|x86 = Release|x86
	EndGlobalSection
	GlobalSection(SolutionProperties) = preSolution
		HideSolutionNode = FALSE
	EndGlobalSection
	GlobalSection(ProjectConfigurationPlatforms) = postSolution
		{4D63436E-67AD-4FE7-A4C4-FB02F4F4AEEC}.Debug|Any CPU.ActiveCfg = Debug|Any CPU
		{4D63436E-67AD-4FE7-A4C4-FB02F4F4AEEC}.Debug|Any CPU.Build.0 = Debug|Any CPU
		{4D63436E-67AD-4FE7-A4C4-FB02F4F4AEEC}.Debug|x64.ActiveCfg = Debug|Any CPU
		{4D63436E-67AD-4FE7-A4C4-FB02F4F4AEEC}.Debug|x64.Build.0 = Debug|Any CPU
		{4D63436E-67AD-4FE7-A4C4-FB02F4F4AEEC}.Debug|x86.ActiveCfg = Debug|Any CPU
		{4D63436E-67AD-4FE7-A4C4-FB02F4F4AEEC}.Debug|x86.Build.0 = Debug|Any CPU
		{4D63436E-67AD-4FE7-A4C4-FB02F4F4AEEC}.Release|Any CPU.ActiveCfg = Release|Any CPU
		{4D63436E-67AD-4FE7-A4C4-FB02F4F4AEEC}.Release|Any CPU.Build.0 = Release|Any CPU
		{4D63436E-67AD-4FE7-A4C4-FB02F4F4AEEC}.Release|x64.ActiveCfg = Release|Any CPU
		{4D63436E-67AD-4FE7-A4C4-FB02F4F4AEEC}.Release|x64.Build.0 = Release|Any CPU
		{4D63436E-67AD-4FE7-A4C4-FB02F4F4AEEC}.Release|x86.ActiveCfg = Release|Any CPU
		{4D63436E-67AD-4FE7-A4C4-FB02F4F4AEEC}.Release|x86.Build.0 = Release|Any CPU
		{A098ECCB-5417-4949-AE56-3287AEECB7A4}.Debug|Any CPU.ActiveCfg = Debug|Any CPU
		{A098ECCB-5417-4949-AE56-3287AEECB7A4}.Debug|Any CPU.Build.0 = Debug|Any CPU
		{A098ECCB-5417-4949-AE56-3287AEECB7A4}.Debug|x64.ActiveCfg = Debug|Any CPU
		{A098ECCB-5417-4949-AE56-3287AEECB7A4}.Debug|x64.Build.0 = Debug|Any CPU
		{A098ECCB-5417-4949-AE56-3287AEECB7A4}.Debug|x86.ActiveCfg = Debug|Any CPU
		{A098ECCB-5417-4949-AE56-3287AEECB7A4}.Debug|x86.Build.0 = Debug|Any CPU
		{A098ECCB-5417-4949-AE56-3287AEECB7A4}.Release|Any CPU.ActiveCfg = Release|Any CPU
		{A098ECCB-5417-4949-AE56-3287AEECB7A4}.Release|Any CPU.Build.0 = Release|Any CPU
		{A098ECCB-5417-4949-AE56-3287AEECB7A4}.Release|x64.ActiveCfg = Release|Any CPU
		{A098ECCB-5417-4949-AE56-3287AEECB7A4}.Release|x64.Build.0 = Release|Any CPU
		{A098ECCB-5417-4949-AE56-3287AEECB7A4}.Release|x86.ActiveCfg = Release|Any CPU
		{A098ECCB-5417-4949-AE56-3287AEECB7A4}.Release|x86.Build.0 = Release|Any CPU
	EndGlobalSection
EndGlobal
